Microsoft Visual Studio Solution File, Format Version 12.00
# Visual Studio Version 17
VisualStudioVersion = 17.5.2.0
MinimumVisualStudioVersion = 10.0.40219.1
Project("{FAE04EC0-301F-11D3-BF4B-00C04F79EFBC}") = "GrpcQuickstart", "GrpcQuickstart.csproj", "{DC2032F0-FE96-87F0-7861-BCAFE531DCBF}"
EndProject
Global
	GlobalSection(SolutionConfigurationPlatforms) = preSolution
		Debug|Any CPU = Debug|Any CPU
		Release|Any CPU = Release|Any CPU
	EndGlobalSection
	GlobalSection(ProjectConfigurationPlatforms) = postSolution
		{DC2032F0-FE96-87F0-7861-BCAFE531DCBF}.Debug|Any CPU.ActiveCfg = Debug|Any CPU
		{DC2032F0-FE96-87F0-7861-BCAFE531DCBF}.Debug|Any CPU.Build.0 = Debug|Any CPU
		{DC2032F0-FE96-87F0-7861-BCAFE531DCBF}.Release|Any CPU.ActiveCfg = Release|Any CPU
		{DC2032F0-FE96-87F0-7861-BCAFE531DCBF}.Release|Any CPU.Build.0 = Release|Any CPU
	EndGlobalSection
	GlobalSection(SolutionProperties) = preSolution
		HideSolutionNode = FALSE
	EndGlobalSection
	GlobalSection(ExtensibilityGlobals) = postSolution
		SolutionGuid = {CEAFFCC6-491C-46E3-BB7E-9E00FA33130D}
	EndGlobalSection
EndGlobal
